// !$*UTF8*$!
{
	archiveVersion = 1;
	classes = {
	};
	objectVersion = 50;
	objects = {

/* Begin PBXBuildFile section */
		356699EB5BA9DEA34586B0DC /* Pods_Client_iOS.framework in Frameworks */ = {isa = PBXBuildFile; fileRef = DD6159541DE904E932C9FB6F /* Pods_Client_iOS.framework */; };
		F8080D10227421CF00156AE8 /* TempData.swift in Sources */ = {isa = PBXBuildFile; fileRef = F8080D0F227421CF00156AE8 /* TempData.swift */; };
		F8080D12227479DA00156AE8 /* ViewController+CLLocationManagerDelegate.swift in Sources */ = {isa = PBXBuildFile; fileRef = F8080D11227479DA00156AE8 /* ViewController+CLLocationManagerDelegate.swift */; };
		F8080D1422747AEC00156AE8 /* CitySelectionHandling.swift in Sources */ = {isa = PBXBuildFile; fileRef = F8080D1322747AEC00156AE8 /* CitySelectionHandling.swift */; };
		F8080D1622747B5600156AE8 /* ViewController+CitySelectionHandling.swift in Sources */ = {isa = PBXBuildFile; fileRef = F8080D1522747B5600156AE8 /* ViewController+CitySelectionHandling.swift */; };
		F8507AF722700C4200595A87 /* CitiesViewModel.swift in Sources */ = {isa = PBXBuildFile; fileRef = F8507AF622700C4200595A87 /* CitiesViewModel.swift */; };
		F8507AF922700EA200595A87 /* RemoteData.swift in Sources */ = {isa = PBXBuildFile; fileRef = F8507AF822700EA200595A87 /* RemoteData.swift */; };
		F8507AFB227057DB00595A87 /* CityDetails.swift in Sources */ = {isa = PBXBuildFile; fileRef = F8507AFA227057DB00595A87 /* CityDetails.swift */; };
		F8507B022270BC6D00595A87 /* CityPickerAlertController.swift in Sources */ = {isa = PBXBuildFile; fileRef = F8507B012270BC6D00595A87 /* CityPickerAlertController.swift */; };
		F863A8F6226F97B200B5F489 /* Country.swift in Sources */ = {isa = PBXBuildFile; fileRef = F863A8F5226F97B200B5F489 /* Country.swift */; };
		F863A8F8226F97F300B5F489 /* City.swift in Sources */ = {isa = PBXBuildFile; fileRef = F863A8F7226F97F300B5F489 /* City.swift */; };
		F8E87E31226F2CBF00B5F70F /* AppDelegate.swift in Sources */ = {isa = PBXBuildFile; fileRef = F8E87E30226F2CBF00B5F70F /* AppDelegate.swift */; };
		F8E87E33226F2CBF00B5F70F /* ViewController.swift in Sources */ = {isa = PBXBuildFile; fileRef = F8E87E32226F2CBF00B5F70F /* ViewController.swift */; };
		F8E87E38226F2CBF00B5F70F /* Assets.xcassets in Resources */ = {isa = PBXBuildFile; fileRef = F8E87E37226F2CBF00B5F70F /* Assets.xcassets */; };
		F8E87E3B226F2CBF00B5F70F /* LaunchScreen.storyboard in Resources */ = {isa = PBXBuildFile; fileRef = F8E87E39226F2CBF00B5F70F /* LaunchScreen.storyboard */; };
		F8E87E46226F426300B5F70F /* InfoView.swift in Sources */ = {isa = PBXBuildFile; fileRef = F8E87E45226F426300B5F70F /* InfoView.swift */; };
		F8E87E4C226F596600B5F70F /* MapView.swift in Sources */ = {isa = PBXBuildFile; fileRef = F8E87E4B226F596600B5F70F /* MapView.swift */; };
/* End PBXBuildFile section */

/* Begin PBXFileReference section */
		21DD6188B19ED0B6578D7052 /* Pods-Client-iOS.debug.xcconfig */ = {isa = PBXFileReference; includeInIndex = 1; lastKnownFileType = text.xcconfig; name = "Pods-Client-iOS.debug.xcconfig"; path = "Pods/Target Support Files/Pods-Client-iOS/Pods-Client-iOS.debug.xcconfig"; sourceTree = "<group>"; };
		6F006DA2E195036F7DD29571 /* Pods-Client-iOS.release.xcconfig */ = {isa = PBXFileReference; includeInIndex = 1; lastKnownFileType = text.xcconfig; name = "Pods-Client-iOS.release.xcconfig"; path = "Pods/Target Support Files/Pods-Client-iOS/Pods-Client-iOS.release.xcconfig"; sourceTree = "<group>"; };
		DD6159541DE904E932C9FB6F /* Pods_Client_iOS.framework */ = {isa = PBXFileReference; explicitFileType = wrapper.framework; includeInIndex = 0; path = Pods_Client_iOS.framework; sourceTree = BUILT_PRODUCTS_DIR; };
		F8080D0F227421CF00156AE8 /* TempData.swift */ = {isa = PBXFileReference; lastKnownFileType = sourcecode.swift; path = TempData.swift; sourceTree = "<group>"; };
		F8080D11227479DA00156AE8 /* ViewController+CLLocationManagerDelegate.swift */ = {isa = PBXFileReference; lastKnownFileType = sourcecode.swift; path = "ViewController+CLLocationManagerDelegate.swift"; sourceTree = "<group>"; };
		F8080D1322747AEC00156AE8 /* CitySelectionHandling.swift */ = {isa = PBXFileReference; lastKnownFileType = sourcecode.swift; path = CitySelectionHandling.swift; sourceTree = "<group>"; };
		F8080D1522747B5600156AE8 /* ViewController+CitySelectionHandling.swift */ = {isa = PBXFileReference; lastKnownFileType = sourcecode.swift; path = "ViewController+CitySelectionHandling.swift"; sourceTree = "<group>"; };
		F8507AF622700C4200595A87 /* CitiesViewModel.swift */ = {isa = PBXFileReference; lastKnownFileType = sourcecode.swift; path = CitiesViewModel.swift; sourceTree = "<group>"; };
		F8507AF822700EA200595A87 /* RemoteData.swift */ = {isa = PBXFileReference; lastKnownFileType = sourcecode.swift; path = RemoteData.swift; sourceTree = "<group>"; };
		F8507AFA227057DB00595A87 /* CityDetails.swift */ = {isa = PBXFileReference; lastKnownFileType = sourcecode.swift; path = CityDetails.swift; sourceTree = "<group>"; };
		F8507B012270BC6D00595A87 /* CityPickerAlertController.swift */ = {isa = PBXFileReference; lastKnownFileType = sourcecode.swift; path = CityPickerAlertController.swift; sourceTree = "<group>"; };
		F863A8F5226F97B200B5F489 /* Country.swift */ = {isa = PBXFileReference; lastKnownFileType = sourcecode.swift; path = Country.swift; sourceTree = "<group>"; };
		F863A8F7226F97F300B5F489 /* City.swift */ = {isa = PBXFileReference; lastKnownFileType = sourcecode.swift; path = City.swift; sourceTree = "<group>"; };
		F8E87E2D226F2CBF00B5F70F /* Client-iOS.app */ = {isa = PBXFileReference; explicitFileType = wrapper.application; includeInIndex = 0; path = "Client-iOS.app"; sourceTree = BUILT_PRODUCTS_DIR; };
		F8E87E30226F2CBF00B5F70F /* AppDelegate.swift */ = {isa = PBXFileReference; lastKnownFileType = sourcecode.swift; path = AppDelegate.swift; sourceTree = "<group>"; };
		F8E87E32226F2CBF00B5F70F /* ViewController.swift */ = {isa = PBXFileReference; lastKnownFileType = sourcecode.swift; path = ViewController.swift; sourceTree = "<group>"; };
		F8E87E37226F2CBF00B5F70F /* Assets.xcassets */ = {isa = PBXFileReference; lastKnownFileType = folder.assetcatalog; path = Assets.xcassets; sourceTree = "<group>"; };
		F8E87E3A226F2CBF00B5F70F /* Base */ = {isa = PBXFileReference; lastKnownFileType = file.storyboard; name = Base; path = Base.lproj/LaunchScreen.storyboard; sourceTree = "<group>"; };
		F8E87E3C226F2CBF00B5F70F /* Info.plist */ = {isa = PBXFileReference; lastKnownFileType = text.plist.xml; path = Info.plist; sourceTree = "<group>"; };
		F8E87E45226F426300B5F70F /* InfoView.swift */ = {isa = PBXFileReference; lastKnownFileType = sourcecode.swift; path = InfoView.swift; sourceTree = "<group>"; };
		F8E87E4B226F596600B5F70F /* MapView.swift */ = {isa = PBXFileReference; lastKnownFileType = sourcecode.swift; path = MapView.swift; sourceTree = "<group>"; };
/* End PBXFileReference section */

/* Begin PBXFrameworksBuildPhase section */
		F8E87E2A226F2CBF00B5F70F /* Frameworks */ = {
			isa = PBXFrameworksBuildPhase;
			buildActionMask = 2147483647;
			files = (
				356699EB5BA9DEA34586B0DC /* Pods_Client_iOS.framework in Frameworks */,
			);
			runOnlyForDeploymentPostprocessing = 0;
		};
/* End PBXFrameworksBuildPhase section */

/* Begin PBXGroup section */
		476E16C5B70DDFC936B09EB6 /* Frameworks */ = {
			isa = PBXGroup;
			children = (
				DD6159541DE904E932C9FB6F /* Pods_Client_iOS.framework */,
			);
			name = Frameworks;
			sourceTree = "<group>";
		};
		A3F0B31841AD7C6419BF9DFC /* Pods */ = {
			isa = PBXGroup;
			children = (
				21DD6188B19ED0B6578D7052 /* Pods-Client-iOS.debug.xcconfig */,
				6F006DA2E195036F7DD29571 /* Pods-Client-iOS.release.xcconfig */,
			);
			name = Pods;
			sourceTree = "<group>";
		};
		F8080D0D2273D65F00156AE8 /* Views */ = {
			isa = PBXGroup;
			children = (
				F8E87E45226F426300B5F70F /* InfoView.swift */,
				F8E87E4B226F596600B5F70F /* MapView.swift */,
			);
			path = Views;
			sourceTree = "<group>";
		};
		F8507AF522700C1F00595A87 /* ViewModel */ = {
			isa = PBXGroup;
			children = (
				F8507AF622700C4200595A87 /* CitiesViewModel.swift */,
			);
			path = ViewModel;
			sourceTree = "<group>";
		};
		F8507B002270BAC600595A87 /* Controllers */ = {
			isa = PBXGroup;
			children = (
				F8E87E32226F2CBF00B5F70F /* ViewController.swift */,
				F8080D11227479DA00156AE8 /* ViewController+CLLocationManagerDelegate.swift */,
				F8080D1522747B5600156AE8 /* ViewController+CitySelectionHandling.swift */,
				F8507B012270BC6D00595A87 /* CityPickerAlertController.swift */,
				F8080D1322747AEC00156AE8 /* CitySelectionHandling.swift */,
			);
			path = Controllers;
			sourceTree = "<group>";
		};
		F863A8F9226F990200B5F489 /* Networking */ = {
			isa = PBXGroup;
			children = (
				F8507AF822700EA200595A87 /* RemoteData.swift */,
			);
			path = Networking;
			sourceTree = "<group>";
		};
		F8E87E24226F2CBF00B5F70F = {
			isa = PBXGroup;
			children = (
				F8E87E2F226F2CBF00B5F70F /* Client-iOS */,
				F8E87E2E226F2CBF00B5F70F /* Products */,
				A3F0B31841AD7C6419BF9DFC /* Pods */,
				476E16C5B70DDFC936B09EB6 /* Frameworks */,
			);
			sourceTree = "<group>";
		};
		F8E87E2E226F2CBF00B5F70F /* Products */ = {
			isa = PBXGroup;
			children = (
				F8E87E2D226F2CBF00B5F70F /* Client-iOS.app */,
			);
			name = Products;
			sourceTree = "<group>";
		};
		F8E87E2F226F2CBF00B5F70F /* Client-iOS */ = {
			isa = PBXGroup;
			children = (
				F8507AF522700C1F00595A87 /* ViewModel */,
				F863A8F9226F990200B5F489 /* Networking */,
				F8E87E47226F44B200B5F70F /* Model */,
				F8E87E44226F423400B5F70F /* View */,
				F8E87E30226F2CBF00B5F70F /* AppDelegate.swift */,
				F8E87E37226F2CBF00B5F70F /* Assets.xcassets */,
				F8E87E39226F2CBF00B5F70F /* LaunchScreen.storyboard */,
				F8E87E3C226F2CBF00B5F70F /* Info.plist */,
			);
			path = "Client-iOS";
			sourceTree = "<group>";
		};
		F8E87E44226F423400B5F70F /* View */ = {
			isa = PBXGroup;
			children = (
				F8080D0D2273D65F00156AE8 /* Views */,
				F8507B002270BAC600595A87 /* Controllers */,
			);
			path = View;
			sourceTree = "<group>";
		};
		F8E87E47226F44B200B5F70F /* Model */ = {
			isa = PBXGroup;
			children = (
				F863A8F5226F97B200B5F489 /* Country.swift */,
				F863A8F7226F97F300B5F489 /* City.swift */,
				F8507AFA227057DB00595A87 /* CityDetails.swift */,
				F8080D0F227421CF00156AE8 /* TempData.swift */,
			);
			path = Model;
			sourceTree = "<group>";
		};
/* End PBXGroup section */

/* Begin PBXNativeTarget section */
		F8E87E2C226F2CBF00B5F70F /* Client-iOS */ = {
			isa = PBXNativeTarget;
			buildConfigurationList = F8E87E3F226F2CBF00B5F70F /* Build configuration list for PBXNativeTarget "Client-iOS" */;
			buildPhases = (
				097DF939499C8A0069F12535 /* [CP] Check Pods Manifest.lock */,
				F8E87E29226F2CBF00B5F70F /* Sources */,
				F8E87E2A226F2CBF00B5F70F /* Frameworks */,
				F8E87E2B226F2CBF00B5F70F /* Resources */,
				A38D3A73040F6408861777EA /* [CP] Embed Pods Frameworks */,
				7F8115FB407886860D54F2C6 /* [CP] Copy Pods Resources */,
			);
			buildRules = (
			);
			dependencies = (
			);
			name = "Client-iOS";
			productName = "Client-iOS";
			productReference = F8E87E2D226F2CBF00B5F70F /* Client-iOS.app */;
			productType = "com.apple.product-type.application";
		};
/* End PBXNativeTarget section */

/* Begin PBXProject section */
		F8E87E25226F2CBF00B5F70F /* Project object */ = {
			isa = PBXProject;
			attributes = {
				LastSwiftUpdateCheck = 1020;
				LastUpgradeCheck = 1020;
				ORGANIZATIONNAME = "Tony Ayoub";
				TargetAttributes = {
					F8E87E2C226F2CBF00B5F70F = {
						CreatedOnToolsVersion = 10.2.1;
					};
				};
			};
			buildConfigurationList = F8E87E28226F2CBF00B5F70F /* Build configuration list for PBXProject "Client-iOS" */;
			compatibilityVersion = "Xcode 9.3";
			developmentRegion = en;
			hasScannedForEncodings = 0;
			knownRegions = (
				en,
				Base,
			);
			mainGroup = F8E87E24226F2CBF00B5F70F;
			productRefGroup = F8E87E2E226F2CBF00B5F70F /* Products */;
			projectDirPath = "";
			projectRoot = "";
			targets = (
				F8E87E2C226F2CBF00B5F70F /* Client-iOS */,
			);
		};
/* End PBXProject section */

/* Begin PBXResourcesBuildPhase section */
		F8E87E2B226F2CBF00B5F70F /* Resources */ = {
			isa = PBXResourcesBuildPhase;
			buildActionMask = 2147483647;
			files = (
				F8E87E3B226F2CBF00B5F70F /* LaunchScreen.storyboard in Resources */,
				F8E87E38226F2CBF00B5F70F /* Assets.xcassets in Resources */,
			);
			runOnlyForDeploymentPostprocessing = 0;
		};
/* End PBXResourcesBuildPhase section */

/* Begin PBXShellScriptBuildPhase section */
		097DF939499C8A0069F12535 /* [CP] Check Pods Manifest.lock */ = {
			isa = PBXShellScriptBuildPhase;
			buildActionMask = 2147483647;
			files = (
			);
			inputFileListPaths = (
			);
			inputPaths = (
				"${PODS_PODFILE_DIR_PATH}/Podfile.lock",
				"${PODS_ROOT}/Manifest.lock",
			);
			name = "[CP] Check Pods Manifest.lock";
			outputFileListPaths = (
			);
			outputPaths = (
				"$(DERIVED_FILE_DIR)/Pods-Client-iOS-checkManifestLockResult.txt",
			);
			runOnlyForDeploymentPostprocessing = 0;
			shellPath = /bin/sh;
			shellScript = "diff \"${PODS_PODFILE_DIR_PATH}/Podfile.lock\" \"${PODS_ROOT}/Manifest.lock\" > /dev/null\nif [ $? != 0 ] ; then\n    # print error to STDERR\n    echo \"error: The sandbox is not in sync with the Podfile.lock. Run 'pod install' or update your CocoaPods installation.\" >&2\n    exit 1\nfi\n# This output is used by Xcode 'outputs' to avoid re-running this script phase.\necho \"SUCCESS\" > \"${SCRIPT_OUTPUT_FILE_0}\"\n";
			showEnvVarsInLog = 0;
		};
		7F8115FB407886860D54F2C6 /* [CP] Copy Pods Resources */ = {
			isa = PBXShellScriptBuildPhase;
			buildActionMask = 2147483647;
			files = (
			);
			inputFileListPaths = (
			);
			inputPaths = (
				"${SRCROOT}/Pods/Target Support Files/Pods-Client-iOS/Pods-Client-iOS-resources.sh",
				"${PODS_ROOT}/GoogleMaps/Maps/Frameworks/GoogleMaps.framework/Resources/GoogleMaps.bundle",
				"${PODS_ROOT}/GooglePlaces/Frameworks/GooglePlaces.framework/Resources/GooglePlaces.bundle",
			);
			name = "[CP] Copy Pods Resources";
			outputFileListPaths = (
			);
			outputPaths = (
				"${TARGET_BUILD_DIR}/${UNLOCALIZED_RESOURCES_FOLDER_PATH}/GoogleMaps.bundle",
				"${TARGET_BUILD_DIR}/${UNLOCALIZED_RESOURCES_FOLDER_PATH}/GooglePlaces.bundle",
			);
			runOnlyForDeploymentPostprocessing = 0;
			shellPath = /bin/sh;
			shellScript = "\"${SRCROOT}/Pods/Target Support Files/Pods-Client-iOS/Pods-Client-iOS-resources.sh\"\n";
			showEnvVarsInLog = 0;
		};
		A38D3A73040F6408861777EA /* [CP] Embed Pods Frameworks */ = {
			isa = PBXShellScriptBuildPhase;
			buildActionMask = 2147483647;
			files = (
			);
			inputFileListPaths = (
			);
			inputPaths = (
				"${SRCROOT}/Pods/Target Support Files/Pods-Client-iOS/Pods-Client-iOS-frameworks.sh",
				"${BUILT_PRODUCTS_DIR}/Bond/Bond.framework",
				"${BUILT_PRODUCTS_DIR}/Differ/Differ.framework",
				"${BUILT_PRODUCTS_DIR}/ReactiveKit/ReactiveKit.framework",
				"${BUILT_PRODUCTS_DIR}/SnapKit/SnapKit.framework",
			);
			name = "[CP] Embed Pods Frameworks";
			outputFileListPaths = (
			);
			outputPaths = (
				"${TARGET_BUILD_DIR}/${FRAMEWORKS_FOLDER_PATH}/Bond.framework",
				"${TARGET_BUILD_DIR}/${FRAMEWORKS_FOLDER_PATH}/Differ.framework",
				"${TARGET_BUILD_DIR}/${FRAMEWORKS_FOLDER_PATH}/ReactiveKit.framework",
				"${TARGET_BUILD_DIR}/${FRAMEWORKS_FOLDER_PATH}/SnapKit.framework",
			);
			runOnlyForDeploymentPostprocessing = 0;
			shellPath = /bin/sh;
			shellScript = "\"${SRCROOT}/Pods/Target Support Files/Pods-Client-iOS/Pods-Client-iOS-frameworks.sh\"\n";
			showEnvVarsInLog = 0;
		};
/* End PBXShellScriptBuildPhase section */

/* Begin PBXSourcesBuildPhase section */
		F8E87E29226F2CBF00B5F70F /* Sources */ = {
			isa = PBXSourcesBuildPhase;
			buildActionMask = 2147483647;
			files = (
				F8E87E33226F2CBF00B5F70F /* ViewController.swift in Sources */,
				F8080D1422747AEC00156AE8 /* CitySelectionHandling.swift in Sources */,
				F8080D12227479DA00156AE8 /* ViewController+CLLocationManagerDelegate.swift in Sources */,
				F8507B022270BC6D00595A87 /* CityPickerAlertController.swift in Sources */,
				F8E87E4C226F596600B5F70F /* MapView.swift in Sources */,
				F8507AFB227057DB00595A87 /* CityDetails.swift in Sources */,
				F8E87E46226F426300B5F70F /* InfoView.swift in Sources */,
				F8080D1622747B5600156AE8 /* ViewController+CitySelectionHandling.swift in Sources */,
				F863A8F6226F97B200B5F489 /* Country.swift in Sources */,
				F8507AF722700C4200595A87 /* CitiesViewModel.swift in Sources */,
				F8E87E31226F2CBF00B5F70F /* AppDelegate.swift in Sources */,
				F8080D10227421CF00156AE8 /* TempData.swift in Sources */,
				F8507AF922700EA200595A87 /* RemoteData.swift in Sources */,
				F863A8F8226F97F300B5F489 /* City.swift in Sources */,
			);
			runOnlyForDeploymentPostprocessing = 0;
		};
/* End PBXSourcesBuildPhase section */

/* Begin PBXVariantGroup section */
		F8E87E39226F2CBF00B5F70F /* LaunchScreen.storyboard */ = {
			isa = PBXVariantGroup;
			children = (
				F8E87E3A226F2CBF00B5F70F /* Base */,
			);
			name = LaunchScreen.storyboard;
			sourceTree = "<group>";
		};
/* End PBXVariantGroup section */

/* Begin XCBuildConfiguration section */
		F8E87E3D226F2CBF00B5F70F /* Debug */ = {
			isa = XCBuildConfiguration;
			buildSettings = {
				ALWAYS_SEARCH_USER_PATHS = NO;
				CLANG_ANALYZER_NONNULL = YES;
				CLANG_ANALYZER_NUMBER_OBJECT_CONVERSION = YES_AGGRESSIVE;
				CLANG_CXX_LANGUAGE_STANDARD = "gnu++14";
				CLANG_CXX_LIBRARY = "libc++";
				CLANG_ENABLE_MODULES = YES;
				CLANG_ENABLE_OBJC_ARC = YES;
				CLANG_ENABLE_OBJC_WEAK = YES;
				CLANG_WARN_BLOCK_CAPTURE_AUTORELEASING = YES;
				CLANG_WARN_BOOL_CONVERSION = YES;
				CLANG_WARN_COMMA = YES;
				CLANG_WARN_CONSTANT_CONVERSION = YES;
				CLANG_WARN_DEPRECATED_OBJC_IMPLEMENTATIONS = YES;
				CLANG_WARN_DIRECT_OBJC_ISA_USAGE = YES_ERROR;
				CLANG_WARN_DOCUMENTATION_COMMENTS = YES;
				CLANG_WARN_EMPTY_BODY = YES;
				CLANG_WARN_ENUM_CONVERSION = YES;
				CLANG_WARN_INFINITE_RECURSION = YES;
				CLANG_WARN_INT_CONVERSION = YES;
				CLANG_WARN_NON_LITERAL_NULL_CONVERSION = YES;
				CLANG_WARN_OBJC_IMPLICIT_RETAIN_SELF = YES;
				CLANG_WARN_OBJC_LITERAL_CONVERSION = YES;
				CLANG_WARN_OBJC_ROOT_CLASS = YES_ERROR;
				CLANG_WARN_RANGE_LOOP_ANALYSIS = YES;
				CLANG_WARN_STRICT_PROTOTYPES = YES;
				CLANG_WARN_SUSPICIOUS_MOVE = YES;
				CLANG_WARN_UNGUARDED_AVAILABILITY = YES_AGGRESSIVE;
				CLANG_WARN_UNREACHABLE_CODE = YES;
				CLANG_WARN__DUPLICATE_METHOD_MATCH = YES;
				CODE_SIGN_IDENTITY = "iPhone Developer";
				COPY_PHASE_STRIP = NO;
				DEBUG_INFORMATION_FORMAT = dwarf;
				ENABLE_STRICT_OBJC_MSGSEND = YES;
				ENABLE_TESTABILITY = YES;
				GCC_C_LANGUAGE_STANDARD = gnu11;
				GCC_DYNAMIC_NO_PIC = NO;
				GCC_NO_COMMON_BLOCKS = YES;
				GCC_OPTIMIZATION_LEVEL = 0;
				GCC_PREPROCESSOR_DEFINITIONS = (
					"DEBUG=1",
					"$(inherited)",
				);
				GCC_WARN_64_TO_32_BIT_CONVERSION = YES;
				GCC_WARN_ABOUT_RETURN_TYPE = YES_ERROR;
				GCC_WARN_UNDECLARED_SELECTOR = YES;
				GCC_WARN_UNINITIALIZED_AUTOS = YES_AGGRESSIVE;
				GCC_WARN_UNUSED_FUNCTION = YES;
				GCC_WARN_UNUSED_VARIABLE = YES;
				IPHONEOS_DEPLOYMENT_TARGET = 12.2;
				MTL_ENABLE_DEBUG_INFO = INCLUDE_SOURCE;
				MTL_FAST_MATH = YES;
				ONLY_ACTIVE_ARCH = YES;
				SDKROOT = iphoneos;
				SWIFT_ACTIVE_COMPILATION_CONDITIONS = DEBUG;
				SWIFT_OPTIMIZATION_LEVEL = "-Onone";
			};
			name = Debug;
		};
		F8E87E3E226F2CBF00B5F70F /* Release */ = {
			isa = XCBuildConfiguration;
			buildSettings = {
				ALWAYS_SEARCH_USER_PATHS = NO;
				CLANG_ANALYZER_NONNULL = YES;
				CLANG_ANALYZER_NUMBER_OBJECT_CONVERSION = YES_AGGRESSIVE;
				CLANG_CXX_LANGUAGE_STANDARD = "gnu++14";
				CLANG_CXX_LIBRARY = "libc++";
				CLANG_ENABLE_MODULES = YES;
				CLANG_ENABLE_OBJC_ARC = YES;
				CLANG_ENABLE_OBJC_WEAK = YES;
				CLANG_WARN_BLOCK_CAPTURE_AUTORELEASING = YES;
				CLANG_WARN_BOOL_CONVERSION = YES;
				CLANG_WARN_COMMA = YES;
				CLANG_WARN_CONSTANT_CONVERSION = YES;
				CLANG_WARN_DEPRECATED_OBJC_IMPLEMENTATIONS = YES;
				CLANG_WARN_DIRECT_OBJC_ISA_USAGE = YES_ERROR;
				CLANG_WARN_DOCUMENTATION_COMMENTS = YES;
				CLANG_WARN_EMPTY_BODY = YES;
				CLANG_WARN_ENUM_CONVERSION = YES;
				CLANG_WARN_INFINITE_RECURSION = YES;
				CLANG_WARN_INT_CONVERSION = YES;
				CLANG_WARN_NON_LITERAL_NULL_CONVERSION = YES;
				CLANG_WARN_OBJC_IMPLICIT_RETAIN_SELF = YES;
				CLANG_WARN_OBJC_LITERAL_CONVERSION = YES;
				CLANG_WARN_OBJC_ROOT_CLASS = YES_ERROR;
				CLANG_WARN_RANGE_LOOP_ANALYSIS = YES;
				CLANG_WARN_STRICT_PROTOTYPES = YES;
				CLANG_WARN_SUSPICIOUS_MOVE = YES;
				CLANG_WARN_UNGUARDED_AVAILABILITY = YES_AGGRESSIVE;
				CLANG_WARN_UNREACHABLE_CODE = YES;
				CLANG_WARN__DUPLICATE_METHOD_MATCH = YES;
				CODE_SIGN_IDENTITY = "iPhone Developer";
				COPY_PHASE_STRIP = NO;
				DEBUG_INFORMATION_FORMAT = "dwarf-with-dsym";
				ENABLE_NS_ASSERTIONS = NO;
				ENABLE_STRICT_OBJC_MSGSEND = YES;
				GCC_C_LANGUAGE_STANDARD = gnu11;
				GCC_NO_COMMON_BLOCKS = YES;
				GCC_WARN_64_TO_32_BIT_CONVERSION = YES;
				GCC_WARN_ABOUT_RETURN_TYPE = YES_ERROR;
				GCC_WARN_UNDECLARED_SELECTOR = YES;
				GCC_WARN_UNINITIALIZED_AUTOS = YES_AGGRESSIVE;
				GCC_WARN_UNUSED_FUNCTION = YES;
				GCC_WARN_UNUSED_VARIABLE = YES;
				IPHONEOS_DEPLOYMENT_TARGET = 12.2;
				MTL_ENABLE_DEBUG_INFO = NO;
				MTL_FAST_MATH = YES;
				SDKROOT = iphoneos;
				SWIFT_COMPILATION_MODE = wholemodule;
				SWIFT_OPTIMIZATION_LEVEL = "-O";
				VALIDATE_PRODUCT = YES;
			};
			name = Release;
		};
		F8E87E40226F2CBF00B5F70F /* Debug */ = {
			isa = XCBuildConfiguration;
			baseConfigurationReference = 21DD6188B19ED0B6578D7052 /* Pods-Client-iOS.debug.xcconfig */;
			buildSettings = {
				ASSETCATALOG_COMPILER_APPICON_NAME = AppIcon;
				CODE_SIGN_STYLE = Automatic;
				DEVELOPMENT_TEAM = 9HKUVL2QGT;
				INFOPLIST_FILE = "Client-iOS/Info.plist";
				LD_RUNPATH_SEARCH_PATHS = (
					"$(inherited)",
					"@executable_path/Frameworks",
				);
				PRODUCT_BUNDLE_IDENTIFIER = "com.amahy.Client-iOS";
				PRODUCT_NAME = "$(TARGET_NAME)";
				SWIFT_VERSION = 5.0;
				TARGETED_DEVICE_FAMILY = "1,2";
			};
			name = Debug;
		};
		F8E87E41226F2CBF00B5F70F /* Release */ = {
			isa = XCBuildConfiguration;
			baseConfigurationReference = 6F006DA2E195036F7DD29571 /* Pods-Client-iOS.release.xcconfig */;
			buildSettings = {
				ASSETCATALOG_COMPILER_APPICON_NAME = AppIcon;
				CODE_SIGN_STYLE = Automatic;
				DEVELOPMENT_TEAM = 9HKUVL2QGT;
				INFOPLIST_FILE = "Client-iOS/Info.plist";
				LD_RUNPATH_SEARCH_PATHS = (
					"$(inherited)",
					"@executable_path/Frameworks",
				);
				PRODUCT_BUNDLE_IDENTIFIER = "com.amahy.Client-iOS";
				PRODUCT_NAME = "$(TARGET_NAME)";
				SWIFT_VERSION = 5.0;
				TARGETED_DEVICE_FAMILY = "1,2";
			};
			name = Release;
		};
/* End XCBuildConfiguration section */

/* Begin XCConfigurationList section */
		F8E87E28226F2CBF00B5F70F /* Build configuration list for PBXProject "Client-iOS" */ = {
			isa = XCConfigurationList;
			buildConfigurations = (
				F8E87E3D226F2CBF00B5F70F /* Debug */,
				F8E87E3E226F2CBF00B5F70F /* Release */,
			);
			defaultConfigurationIsVisible = 0;
			defaultConfigurationName = Release;
		};
		F8E87E3F226F2CBF00B5F70F /* Build configuration list for PBXNativeTarget "Client-iOS" */ = {
			isa = XCConfigurationList;
			buildConfigurations = (
				F8E87E40226F2CBF00B5F70F /* Debug */,
				F8E87E41226F2CBF00B5F70F /* Release */,
			);
			defaultConfigurationIsVisible = 0;
			defaultConfigurationName = Release;
		};
/* End XCConfigurationList section */
	};
	rootObject = F8E87E25226F2CBF00B5F70F /* Project object */;
}
